
Microsoft Visual Studio Solution File, Format Version 12.00
# Visual Studio 15
Project("{FAE04EC0-301F-11D3-BF4B-00C04F79EFBC}") = "COMP10066", "COMP10066\COMP10066.csproj", "{4D4C3546-BB53-4213-BC7C-9A655DE931D4}"
EndProject
Global
	GlobalSection(SolutionConfigurationPlatforms) = preSolution
		Debug|anycpu = Debug|anycpu
		Release|anycpu = Release|anycpu
	EndGlobalSection
	GlobalSection(ProjectConfigurationPlatforms) = postSolution
		{4D4C3546-BB53-4213-BC7C-9A655DE931D4}.Debug|anycpu.ActiveCfg = Debug|anycpu
		{4D4C3546-BB53-4213-BC7C-9A655DE931D4}.Debug|anycpu.Build.0 = Debug|anycpu
		{4D4C3546-BB53-4213-BC7C-9A655DE931D4}.Release|anycpu.ActiveCfg = Release|anycpu
		{4D4C3546-BB53-4213-BC7C-9A655DE931D4}.Release|anycpu.Build.0 = Release|anycpu
	EndGlobalSection
EndGlobal
